# THIS IS AN AUTOGENERATED FILE. DO NOT EDIT THIS FILE DIRECTLY.
# yarn lockfile v1


"@remix-run/router@1.13.0":
  version "1.13.0"
  resolved "https://registry.yarnpkg.com/@remix-run/router/-/router-1.13.0.tgz#7e29c4ee85176d9c08cb0f4456bff74d092c5065"
  integrity sha512-5dMOnVnefRsl4uRnAdoWjtVTdh8e6aZqgM4puy9nmEADH72ck+uXwzpJLEKE9Q6F8ZljNewLgmTfkxUrBdv4WA==

react-router-dom@^6.20.0:
  version "6.20.0"
  resolved "https://registry.yarnpkg.com/react-router-dom/-/react-router-dom-6.20.0.tgz#7b9527a1e29c7fb90736a5f89d54ca01f40e264b"
  integrity sha512-CbcKjEyiSVpA6UtCHOIYLUYn/UJfwzp55va4yEfpk7JBN3GPqWfHrdLkAvNCcpXr8QoihcDMuk0dzWZxtlB/mQ==
  dependencies:
    "@remix-run/router" "1.13.0"
    react-router "6.20.0"

react-router@6.20.0:
  version "6.20.0"
  resolved "https://registry.yarnpkg.com/react-router/-/react-router-6.20.0.tgz#4275a3567ecc55f7703073158048db10096bb539"
  integrity sha512-pVvzsSsgUxxtuNfTHC4IxjATs10UaAtvLGVSA1tbUE4GDaOSU1Esu2xF5nWLz7KPiMuW8BJWuPFdlGYJ7/rW0w==
  dependencies:
    "@remix-run/router" "1.13.0"
