# THIS IS AN AUTOGENERATED FILE. DO NOT EDIT THIS FILE DIRECTLY.
# yarn lockfile v1


"@remix-run/router@1.13.0":
  version "1.13.0"
  resolved "https://registry.yarnpkg.com/@remix-run/router/-/router-1.13.0.tgz#7e29c4ee85176d9c08cb0f4456bff74d092c5065"
  integrity sha512-5dMOnVnefRsl4uRnAdoWjtVTdh8e6aZqgM4puy9nmEADH72ck+uXwzpJLEKE9Q6F8ZljNewLgmTfkxUrBdv4WA==

"@types/lru-cache@^7.10.10":
  version "7.10.10"
  resolved "https://registry.yarnpkg.com/@types/lru-cache/-/lru-cache-7.10.10.tgz#3fa937c35ff4b3f6753d5737915c9bf8e693a713"
  integrity sha512-nEpVRPWW9EBmx2SCfNn3ClYxPL7IktPX12HhIoSc/H5mMjdeW3+YsXIpseLQ2xF35+OcpwKQbEUw5VtqE4PDNA==
  dependencies:
    lru-cache "*"

lru-cache@*:
  version "10.1.0"
  resolved "https://registry.yarnpkg.com/lru-cache/-/lru-cache-10.1.0.tgz#2098d41c2dc56500e6c88584aa656c84de7d0484"
  integrity sha512-/1clY/ui8CzjKFyjdvwPWJUYKiFVXG2I2cY0ssG7h4+hwk+XOIX7ZSG9Q7TW8TW3Kp3BUSqgFWBLgL4PJ+Blag==

react-router-dom@^6.20.0:
  version "6.20.0"
  resolved "https://registry.yarnpkg.com/react-router-dom/-/react-router-dom-6.20.0.tgz#7b9527a1e29c7fb90736a5f89d54ca01f40e264b"
  integrity sha512-CbcKjEyiSVpA6UtCHOIYLUYn/UJfwzp55va4yEfpk7JBN3GPqWfHrdLkAvNCcpXr8QoihcDMuk0dzWZxtlB/mQ==
  dependencies:
    "@remix-run/router" "1.13.0"
    react-router "6.20.0"

react-router@6.20.0:
  version "6.20.0"
  resolved "https://registry.yarnpkg.com/react-router/-/react-router-6.20.0.tgz#4275a3567ecc55f7703073158048db10096bb539"
  integrity sha512-pVvzsSsgUxxtuNfTHC4IxjATs10UaAtvLGVSA1tbUE4GDaOSU1Esu2xF5nWLz7KPiMuW8BJWuPFdlGYJ7/rW0w==
  dependencies:
    "@remix-run/router" "1.13.0"
